
Microsoft Visual Studio Solution File, Format Version 12.00
# Visual Studio Version 17
VisualStudioVersion = 17.8.34525.116
MinimumVisualStudioVersion = 10.0.40219.1
Project("{FAE04EC0-301F-11D3-BF4B-00C04F79EFBC}") = "client", "client.csproj", "{B640EC7E-650D-4863-81E5-77574B916C43}"
EndProject
Global
	GlobalSection(SolutionConfigurationPlatforms) = preSolution
		Debug|Any CPU = Debug|Any CPU
		Release|Any CPU = Release|Any CPU
	EndGlobalSection
	GlobalSection(ProjectConfigurationPlatforms) = postSolution
		{B640EC7E-650D-4863-81E5-77574B916C43}.Debug|Any CPU.ActiveCfg = Debug|Any CPU
		{B640EC7E-650D-4863-81E5-77574B916C43}.Debug|Any CPU.Build.0 = Debug|Any CPU
		{B640EC7E-650D-4863-81E5-77574B916C43}.Release|Any CPU.ActiveCfg = Release|Any CPU
		{B640EC7E-650D-4863-81E5-77574B916C43}.Release|Any CPU.Build.0 = Release|Any CPU
	EndGlobalSection
	GlobalSection(SolutionProperties) = preSolution
		HideSolutionNode = FALSE
	EndGlobalSection
	GlobalSection(ExtensibilityGlobals) = postSolution
		SolutionGuid = {ABCF2A0C-0FAA-4BC7-AA59-7E1861A244CA}
	EndGlobalSection
EndGlobal
